
Microsoft Visual Studio Solution File, Format Version 12.00
# Visual Studio 15
VisualStudioVersion = 15.0.28307.489
MinimumVisualStudioVersion = 10.0.40219.1
Project("{FAE04EC0-301F-11D3-BF4B-00C04F79EFBC}") = "Quick Shot", "Quick Shot\Quick Shot.csproj", "{87CFFC37-3108-4180-AF90-8C1769AFBE54}"
EndProject
Global
	GlobalSection(SolutionConfigurationPlatforms) = preSolution
		Debug|Any CPU = Debug|Any CPU
		Release|Any CPU = Release|Any CPU
	EndGlobalSection
	GlobalSection(ProjectConfigurationPlatforms) = postSolution
		{87CFFC37-3108-4180-AF90-8C1769AFBE54}.Debug|Any CPU.ActiveCfg = Debug|Any CPU
		{87CFFC37-3108-4180-AF90-8C1769AFBE54}.Debug|Any CPU.Build.0 = Debug|Any CPU
		{87CFFC37-3108-4180-AF90-8C1769AFBE54}.Release|Any CPU.ActiveCfg = Release|Any CPU
		{87CFFC37-3108-4180-AF90-8C1769AFBE54}.Release|Any CPU.Build.0 = Release|Any CPU
	EndGlobalSection
	GlobalSection(SolutionProperties) = preSolution
		HideSolutionNode = FALSE
	EndGlobalSection
	GlobalSection(ExtensibilityGlobals) = postSolution
		SolutionGuid = {4BB4488F-5180-418D-8BA8-8E6F443FD15D}
	EndGlobalSection
EndGlobal
